// !$*UTF8*$!
{
	archiveVersion = 1;
	classes = {
	};
	objectVersion = 51;
	objects = {

/* Begin PBXBuildFile section */
		0FD6BFA2FF861E8D878F0F25 /* Pods_FoodTruck_Trackr.framework in Frameworks */ = {isa = PBXBuildFile; fileRef = 7E7197CD5B0F82D1E85FC710 /* Pods_FoodTruck_Trackr.framework */; };
		5D680A1823A9E06D004F42EC /* AppDelegate.swift in Sources */ = {isa = PBXBuildFile; fileRef = 5D680A1723A9E06D004F42EC /* AppDelegate.swift */; };
		5D680A1A23A9E06D004F42EC /* SceneDelegate.swift in Sources */ = {isa = PBXBuildFile; fileRef = 5D680A1923A9E06D004F42EC /* SceneDelegate.swift */; };
		5D680A1F23A9E06D004F42EC /* Main.storyboard in Resources */ = {isa = PBXBuildFile; fileRef = 5D680A1D23A9E06D004F42EC /* Main.storyboard */; };
		5D680A2123A9E06F004F42EC /* Assets.xcassets in Resources */ = {isa = PBXBuildFile; fileRef = 5D680A2023A9E06F004F42EC /* Assets.xcassets */; };
		5D680A2423A9E06F004F42EC /* LaunchScreen.storyboard in Resources */ = {isa = PBXBuildFile; fileRef = 5D680A2223A9E06F004F42EC /* LaunchScreen.storyboard */; };
		5D88D73323AB267400116489 /* Schedule.storyboard in Resources */ = {isa = PBXBuildFile; fileRef = 5D88D73223AB267400116489 /* Schedule.storyboard */; };
		5D88D73523AB269C00116489 /* Truck.storyboard in Resources */ = {isa = PBXBuildFile; fileRef = 5D88D73423AB269C00116489 /* Truck.storyboard */; };
		5D88D73723AB26AB00116489 /* Menu.storyboard in Resources */ = {isa = PBXBuildFile; fileRef = 5D88D73623AB26AB00116489 /* Menu.storyboard */; };
		5D88D73923AB26BF00116489 /* Auth.storyboard in Resources */ = {isa = PBXBuildFile; fileRef = 5D88D73823AB26BF00116489 /* Auth.storyboard */; };
		5D88D74623AB298000116489 /* FoodTruck_TrackrTests.swift in Sources */ = {isa = PBXBuildFile; fileRef = 5D88D74523AB298000116489 /* FoodTruck_TrackrTests.swift */; };
		5D88D75423AB299900116489 /* FoodTruck_TrackrUITests.swift in Sources */ = {isa = PBXBuildFile; fileRef = 5D88D75323AB299900116489 /* FoodTruck_TrackrUITests.swift */; };
		951AFCFF23AC666E00A06F13 /* FoodTruck.xcdatamodeld in Sources */ = {isa = PBXBuildFile; fileRef = 951AFCFD23AC666E00A06F13 /* FoodTruck.xcdatamodeld */; };
		955A7D9323AB37FF00310EBC /* MenuTableViewController.swift in Sources */ = {isa = PBXBuildFile; fileRef = 955A7D9223AB37FF00310EBC /* MenuTableViewController.swift */; };
		955A7D9523AB389300310EBC /* MenuItemTableViewCell.swift in Sources */ = {isa = PBXBuildFile; fileRef = 955A7D9423AB389300310EBC /* MenuItemTableViewCell.swift */; };
		955A7D9723AC645400310EBC /* CoreDataStack.swift in Sources */ = {isa = PBXBuildFile; fileRef = 955A7D9623AC645400310EBC /* CoreDataStack.swift */; };
/* End PBXBuildFile section */

/* Begin PBXContainerItemProxy section */
		5D88D74823AB298000116489 /* PBXContainerItemProxy */ = {
			isa = PBXContainerItemProxy;
			containerPortal = 5D680A0C23A9E06D004F42EC /* Project object */;
			proxyType = 1;
			remoteGlobalIDString = 5D680A1323A9E06D004F42EC;
			remoteInfo = "FoodTruck Trackr";
		};
		5D88D75623AB299900116489 /* PBXContainerItemProxy */ = {
			isa = PBXContainerItemProxy;
			containerPortal = 5D680A0C23A9E06D004F42EC /* Project object */;
			proxyType = 1;
			remoteGlobalIDString = 5D680A1323A9E06D004F42EC;
			remoteInfo = "FoodTruck Trackr";
		};
/* End PBXContainerItemProxy section */

/* Begin PBXFileReference section */
		0DA9B02BDE212244C1201A06 /* Pods-FoodTruck Trackr.release.xcconfig */ = {isa = PBXFileReference; includeInIndex = 1; lastKnownFileType = text.xcconfig; name = "Pods-FoodTruck Trackr.release.xcconfig"; path = "Target Support Files/Pods-FoodTruck Trackr/Pods-FoodTruck Trackr.release.xcconfig"; sourceTree = "<group>"; };
		5D680A1423A9E06D004F42EC /* FoodTruck Trackr.app */ = {isa = PBXFileReference; explicitFileType = wrapper.application; includeInIndex = 0; path = "FoodTruck Trackr.app"; sourceTree = BUILT_PRODUCTS_DIR; };
		5D680A1723A9E06D004F42EC /* AppDelegate.swift */ = {isa = PBXFileReference; lastKnownFileType = sourcecode.swift; path = AppDelegate.swift; sourceTree = "<group>"; };
		5D680A1923A9E06D004F42EC /* SceneDelegate.swift */ = {isa = PBXFileReference; lastKnownFileType = sourcecode.swift; path = SceneDelegate.swift; sourceTree = "<group>"; };
		5D680A1E23A9E06D004F42EC /* Base */ = {isa = PBXFileReference; lastKnownFileType = file.storyboard; name = Base; path = Base.lproj/Main.storyboard; sourceTree = "<group>"; };
		5D680A2023A9E06F004F42EC /* Assets.xcassets */ = {isa = PBXFileReference; lastKnownFileType = folder.assetcatalog; path = Assets.xcassets; sourceTree = "<group>"; };
		5D680A2323A9E06F004F42EC /* Base */ = {isa = PBXFileReference; lastKnownFileType = file.storyboard; name = Base; path = Base.lproj/LaunchScreen.storyboard; sourceTree = "<group>"; };
		5D680A2523A9E06F004F42EC /* Info.plist */ = {isa = PBXFileReference; lastKnownFileType = text.plist.xml; path = Info.plist; sourceTree = "<group>"; };
		5D88D73223AB267400116489 /* Schedule.storyboard */ = {isa = PBXFileReference; lastKnownFileType = file.storyboard; path = Schedule.storyboard; sourceTree = "<group>"; };
		5D88D73423AB269C00116489 /* Truck.storyboard */ = {isa = PBXFileReference; lastKnownFileType = file.storyboard; path = Truck.storyboard; sourceTree = "<group>"; };
		5D88D73623AB26AB00116489 /* Menu.storyboard */ = {isa = PBXFileReference; lastKnownFileType = file.storyboard; path = Menu.storyboard; sourceTree = "<group>"; };
		5D88D73823AB26BF00116489 /* Auth.storyboard */ = {isa = PBXFileReference; lastKnownFileType = file.storyboard; path = Auth.storyboard; sourceTree = "<group>"; };
		5D88D74323AB298000116489 /* FoodTruck TrackrTests.xctest */ = {isa = PBXFileReference; explicitFileType = wrapper.cfbundle; includeInIndex = 0; path = "FoodTruck TrackrTests.xctest"; sourceTree = BUILT_PRODUCTS_DIR; };
		5D88D74523AB298000116489 /* FoodTruck_TrackrTests.swift */ = {isa = PBXFileReference; lastKnownFileType = sourcecode.swift; path = FoodTruck_TrackrTests.swift; sourceTree = "<group>"; };
		5D88D74723AB298000116489 /* Info.plist */ = {isa = PBXFileReference; lastKnownFileType = text.plist.xml; path = Info.plist; sourceTree = "<group>"; };
		5D88D75123AB299900116489 /* FoodTruck TrackrUITests.xctest */ = {isa = PBXFileReference; explicitFileType = wrapper.cfbundle; includeInIndex = 0; path = "FoodTruck TrackrUITests.xctest"; sourceTree = BUILT_PRODUCTS_DIR; };
		5D88D75323AB299900116489 /* FoodTruck_TrackrUITests.swift */ = {isa = PBXFileReference; lastKnownFileType = sourcecode.swift; path = FoodTruck_TrackrUITests.swift; sourceTree = "<group>"; };
		5D88D75523AB299900116489 /* Info.plist */ = {isa = PBXFileReference; lastKnownFileType = text.plist.xml; path = Info.plist; sourceTree = "<group>"; };
		7E7197CD5B0F82D1E85FC710 /* Pods_FoodTruck_Trackr.framework */ = {isa = PBXFileReference; explicitFileType = wrapper.framework; includeInIndex = 0; path = Pods_FoodTruck_Trackr.framework; sourceTree = BUILT_PRODUCTS_DIR; };
		872B0EAE2072C85B5A9E8D25 /* Pods-FoodTruck Trackr.debug.xcconfig */ = {isa = PBXFileReference; includeInIndex = 1; lastKnownFileType = text.xcconfig; name = "Pods-FoodTruck Trackr.debug.xcconfig"; path = "Target Support Files/Pods-FoodTruck Trackr/Pods-FoodTruck Trackr.debug.xcconfig"; sourceTree = "<group>"; };
		951AFCFE23AC666E00A06F13 /* FoodTruck.xcdatamodel */ = {isa = PBXFileReference; lastKnownFileType = wrapper.xcdatamodel; path = FoodTruck.xcdatamodel; sourceTree = "<group>"; };
		955A7D9223AB37FF00310EBC /* MenuTableViewController.swift */ = {isa = PBXFileReference; lastKnownFileType = sourcecode.swift; path = MenuTableViewController.swift; sourceTree = "<group>"; };
		955A7D9423AB389300310EBC /* MenuItemTableViewCell.swift */ = {isa = PBXFileReference; lastKnownFileType = sourcecode.swift; name = MenuItemTableViewCell.swift; path = "FoodTruck Trackr/MenuItemTableViewCell.swift"; sourceTree = SOURCE_ROOT; };
		955A7D9623AC645400310EBC /* CoreDataStack.swift */ = {isa = PBXFileReference; lastKnownFileType = sourcecode.swift; name = CoreDataStack.swift; path = "FoodTruck Trackr/CoreDataStack.swift"; sourceTree = SOURCE_ROOT; };
/* End PBXFileReference section */

/* Begin PBXFrameworksBuildPhase section */
		5D680A1123A9E06D004F42EC /* Frameworks */ = {
			isa = PBXFrameworksBuildPhase;
			buildActionMask = 2147483647;
			files = (
				0FD6BFA2FF861E8D878F0F25 /* Pods_FoodTruck_Trackr.framework in Frameworks */,
			);
			runOnlyForDeploymentPostprocessing = 0;
		};
		5D88D74023AB298000116489 /* Frameworks */ = {
			isa = PBXFrameworksBuildPhase;
			buildActionMask = 2147483647;
			files = (
			);
			runOnlyForDeploymentPostprocessing = 0;
		};
		5D88D74E23AB299900116489 /* Frameworks */ = {
			isa = PBXFrameworksBuildPhase;
			buildActionMask = 2147483647;
			files = (
			);
			runOnlyForDeploymentPostprocessing = 0;
		};
/* End PBXFrameworksBuildPhase section */

/* Begin PBXGroup section */
		1C87FE91AAD49D05D59B8AC2 /* Pods */ = {
			isa = PBXGroup;
			children = (
				872B0EAE2072C85B5A9E8D25 /* Pods-FoodTruck Trackr.debug.xcconfig */,
				0DA9B02BDE212244C1201A06 /* Pods-FoodTruck Trackr.release.xcconfig */,
			);
			path = Pods;
			sourceTree = "<group>";
		};
		207FC7C45DF166D8C9A15736 /* Frameworks */ = {
			isa = PBXGroup;
			children = (
				7E7197CD5B0F82D1E85FC710 /* Pods_FoodTruck_Trackr.framework */,
			);
			name = Frameworks;
			sourceTree = "<group>";
		};
		5D680A0B23A9E06D004F42EC = {
			isa = PBXGroup;
			children = (
				5D680A1623A9E06D004F42EC /* FoodTruck Trackr */,
				5D88D74423AB298000116489 /* FoodTruck TrackrTests */,
				5D88D75223AB299900116489 /* FoodTruck TrackrUITests */,
				5D680A1523A9E06D004F42EC /* Products */,
				1C87FE91AAD49D05D59B8AC2 /* Pods */,
				207FC7C45DF166D8C9A15736 /* Frameworks */,
			);
			sourceTree = "<group>";
		};
		5D680A1523A9E06D004F42EC /* Products */ = {
			isa = PBXGroup;
			children = (
				5D680A1423A9E06D004F42EC /* FoodTruck Trackr.app */,
				5D88D74323AB298000116489 /* FoodTruck TrackrTests.xctest */,
				5D88D75123AB299900116489 /* FoodTruck TrackrUITests.xctest */,
			);
			name = Products;
			sourceTree = "<group>";
		};
		5D680A1623A9E06D004F42EC /* FoodTruck Trackr */ = {
			isa = PBXGroup;
			children = (
				5D88D73A23AB288100116489 /* Model */,
				5D88D73B23AB288C00116489 /* View Controllers */,
				5D88D73D23AB28E400116489 /* Views */,
				5D88D73C23AB289700116489 /* Controllers */,
				5D88D73123AB265000116489 /* Storyboards */,
				5D88D73E23AB292100116489 /* Resources */,
				5D680A2523A9E06F004F42EC /* Info.plist */,
			);
			path = "FoodTruck Trackr";
			sourceTree = "<group>";
		};
		5D88D73123AB265000116489 /* Storyboards */ = {
			isa = PBXGroup;
			children = (
				5D88D73823AB26BF00116489 /* Auth.storyboard */,
				5D680A2223A9E06F004F42EC /* LaunchScreen.storyboard */,
				5D680A1D23A9E06D004F42EC /* Main.storyboard */,
				5D88D73623AB26AB00116489 /* Menu.storyboard */,
				5D88D73223AB267400116489 /* Schedule.storyboard */,
				5D88D73423AB269C00116489 /* Truck.storyboard */,
			);
			path = Storyboards;
			sourceTree = "<group>";
		};
		5D88D73A23AB288100116489 /* Model */ = {
			isa = PBXGroup;
			children = (
				955A7D9623AC645400310EBC /* CoreDataStack.swift */,
				951AFCFD23AC666E00A06F13 /* FoodTruck.xcdatamodeld */,
			);
			path = Model;
			sourceTree = "<group>";
		};
		5D88D73B23AB288C00116489 /* View Controllers */ = {
			isa = PBXGroup;
			children = (
				955A7D9223AB37FF00310EBC /* MenuTableViewController.swift */,
			);
			path = "View Controllers";
			sourceTree = "<group>";
		};
		5D88D73C23AB289700116489 /* Controllers */ = {
			isa = PBXGroup;
			children = (
			);
			path = Controllers;
			sourceTree = "<group>";
		};
		5D88D73D23AB28E400116489 /* Views */ = {
			isa = PBXGroup;
			children = (
				955A7D9423AB389300310EBC /* MenuItemTableViewCell.swift */,
			);
			path = Views;
			sourceTree = "<group>";
		};
		5D88D73E23AB292100116489 /* Resources */ = {
			isa = PBXGroup;
			children = (
				5D680A1723A9E06D004F42EC /* AppDelegate.swift */,
				5D680A1923A9E06D004F42EC /* SceneDelegate.swift */,
				5D680A2023A9E06F004F42EC /* Assets.xcassets */,
			);
			path = Resources;
			sourceTree = "<group>";
		};
		5D88D74423AB298000116489 /* FoodTruck TrackrTests */ = {
			isa = PBXGroup;
			children = (
				5D88D74523AB298000116489 /* FoodTruck_TrackrTests.swift */,
				5D88D74723AB298000116489 /* Info.plist */,
			);
			path = "FoodTruck TrackrTests";
			sourceTree = "<group>";
		};
		5D88D75223AB299900116489 /* FoodTruck TrackrUITests */ = {
			isa = PBXGroup;
			children = (
				5D88D75323AB299900116489 /* FoodTruck_TrackrUITests.swift */,
				5D88D75523AB299900116489 /* Info.plist */,
			);
			path = "FoodTruck TrackrUITests";
			sourceTree = "<group>";
		};
/* End PBXGroup section */

/* Begin PBXNativeTarget section */
		5D680A1323A9E06D004F42EC /* FoodTruck Trackr */ = {
			isa = PBXNativeTarget;
			buildConfigurationList = 5D680A2823A9E06F004F42EC /* Build configuration list for PBXNativeTarget "FoodTruck Trackr" */;
			buildPhases = (
				56695B2D8BE44BD3DB333094 /* [CP] Check Pods Manifest.lock */,
				5D680A1023A9E06D004F42EC /* Sources */,
				5D680A1123A9E06D004F42EC /* Frameworks */,
				5D680A1223A9E06D004F42EC /* Resources */,
				6F46CCEED36C3ACACCCB9B15 /* [CP] Embed Pods Frameworks */,
				5D680A2B23A9E65E004F42EC /* ShellScript */,
			);
			buildRules = (
			);
			dependencies = (
			);
			name = "FoodTruck Trackr";
			productName = "FoodTruck Trackr";
			productReference = 5D680A1423A9E06D004F42EC /* FoodTruck Trackr.app */;
			productType = "com.apple.product-type.application";
		};
		5D88D74223AB298000116489 /* FoodTruck TrackrTests */ = {
			isa = PBXNativeTarget;
			buildConfigurationList = 5D88D74A23AB298000116489 /* Build configuration list for PBXNativeTarget "FoodTruck TrackrTests" */;
			buildPhases = (
				5D88D73F23AB298000116489 /* Sources */,
				5D88D74023AB298000116489 /* Frameworks */,
				5D88D74123AB298000116489 /* Resources */,
			);
			buildRules = (
			);
			dependencies = (
				5D88D74923AB298000116489 /* PBXTargetDependency */,
			);
			name = "FoodTruck TrackrTests";
			productName = "FoodTruck TrackrTests";
			productReference = 5D88D74323AB298000116489 /* FoodTruck TrackrTests.xctest */;
			productType = "com.apple.product-type.bundle.unit-test";
		};
		5D88D75023AB299900116489 /* FoodTruck TrackrUITests */ = {
			isa = PBXNativeTarget;
			buildConfigurationList = 5D88D75823AB299900116489 /* Build configuration list for PBXNativeTarget "FoodTruck TrackrUITests" */;
			buildPhases = (
				5D88D74D23AB299900116489 /* Sources */,
				5D88D74E23AB299900116489 /* Frameworks */,
				5D88D74F23AB299900116489 /* Resources */,
			);
			buildRules = (
			);
			dependencies = (
				5D88D75723AB299900116489 /* PBXTargetDependency */,
			);
			name = "FoodTruck TrackrUITests";
			productName = "FoodTruck TrackrUITests";
			productReference = 5D88D75123AB299900116489 /* FoodTruck TrackrUITests.xctest */;
			productType = "com.apple.product-type.bundle.ui-testing";
		};
/* End PBXNativeTarget section */

/* Begin PBXProject section */
		5D680A0C23A9E06D004F42EC /* Project object */ = {
			isa = PBXProject;
			attributes = {
				LastSwiftUpdateCheck = 1130;
				LastUpgradeCheck = 1130;
				ORGANIZATIONNAME = Julltron;
				TargetAttributes = {
					5D680A1323A9E06D004F42EC = {
						CreatedOnToolsVersion = 11.3;
					};
					5D88D74223AB298000116489 = {
						CreatedOnToolsVersion = 11.3;
						TestTargetID = 5D680A1323A9E06D004F42EC;
					};
					5D88D75023AB299900116489 = {
						CreatedOnToolsVersion = 11.3;
						TestTargetID = 5D680A1323A9E06D004F42EC;
					};
				};
			};
			buildConfigurationList = 5D680A0F23A9E06D004F42EC /* Build configuration list for PBXProject "FoodTruck Trackr" */;
			compatibilityVersion = "Xcode 9.3";
			developmentRegion = en;
			hasScannedForEncodings = 0;
			knownRegions = (
				en,
				Base,
			);
			mainGroup = 5D680A0B23A9E06D004F42EC;
			productRefGroup = 5D680A1523A9E06D004F42EC /* Products */;
			projectDirPath = "";
			projectRoot = "";
			targets = (
				5D680A1323A9E06D004F42EC /* FoodTruck Trackr */,
				5D88D74223AB298000116489 /* FoodTruck TrackrTests */,
				5D88D75023AB299900116489 /* FoodTruck TrackrUITests */,
			);
		};
/* End PBXProject section */

/* Begin PBXResourcesBuildPhase section */
		5D680A1223A9E06D004F42EC /* Resources */ = {
			isa = PBXResourcesBuildPhase;
			buildActionMask = 2147483647;
			files = (
				5D680A2423A9E06F004F42EC /* LaunchScreen.storyboard in Resources */,
				5D680A2123A9E06F004F42EC /* Assets.xcassets in Resources */,
				5D88D73523AB269C00116489 /* Truck.storyboard in Resources */,
				5D88D73723AB26AB00116489 /* Menu.storyboard in Resources */,
				5D680A1F23A9E06D004F42EC /* Main.storyboard in Resources */,
				5D88D73323AB267400116489 /* Schedule.storyboard in Resources */,
				5D88D73923AB26BF00116489 /* Auth.storyboard in Resources */,
			);
			runOnlyForDeploymentPostprocessing = 0;
		};
		5D88D74123AB298000116489 /* Resources */ = {
			isa = PBXResourcesBuildPhase;
			buildActionMask = 2147483647;
			files = (
			);
			runOnlyForDeploymentPostprocessing = 0;
		};
		5D88D74F23AB299900116489 /* Resources */ = {
			isa = PBXResourcesBuildPhase;
			buildActionMask = 2147483647;
			files = (
			);
			runOnlyForDeploymentPostprocessing = 0;
		};
/* End PBXResourcesBuildPhase section */

/* Begin PBXShellScriptBuildPhase section */
		56695B2D8BE44BD3DB333094 /* [CP] Check Pods Manifest.lock */ = {
			isa = PBXShellScriptBuildPhase;
			buildActionMask = 2147483647;
			files = (
			);
			inputFileListPaths = (
			);
			inputPaths = (
				"${PODS_PODFILE_DIR_PATH}/Podfile.lock",
				"${PODS_ROOT}/Manifest.lock",
			);
			name = "[CP] Check Pods Manifest.lock";
			outputFileListPaths = (
			);
			outputPaths = (
				"$(DERIVED_FILE_DIR)/Pods-FoodTruck Trackr-checkManifestLockResult.txt",
			);
			runOnlyForDeploymentPostprocessing = 0;
			shellPath = /bin/sh;
			shellScript = "diff \"${PODS_PODFILE_DIR_PATH}/Podfile.lock\" \"${PODS_ROOT}/Manifest.lock\" > /dev/null\nif [ $? != 0 ] ; then\n    # print error to STDERR\n    echo \"error: The sandbox is not in sync with the Podfile.lock. Run 'pod install' or update your CocoaPods installation.\" >&2\n    exit 1\nfi\n# This output is used by Xcode 'outputs' to avoid re-running this script phase.\necho \"SUCCESS\" > \"${SCRIPT_OUTPUT_FILE_0}\"\n";
			showEnvVarsInLog = 0;
		};
		5D680A2B23A9E65E004F42EC /* ShellScript */ = {
			isa = PBXShellScriptBuildPhase;
			buildActionMask = 2147483647;
			files = (
			);
			inputFileListPaths = (
			);
			inputPaths = (
			);
			outputFileListPaths = (
			);
			outputPaths = (
			);
			runOnlyForDeploymentPostprocessing = 0;
			shellPath = /bin/sh;
			shellScript = "# Type a script or drag a script file from your workspace to insert its path.\nif which swiftlint >/dev/null; then\n  swiftlint\nelse\n  echo \"warning: SwiftLint not installed, download from https://github.com/realm/SwiftLint\"\nfi\n";
		};
		6F46CCEED36C3ACACCCB9B15 /* [CP] Embed Pods Frameworks */ = {
			isa = PBXShellScriptBuildPhase;
			buildActionMask = 2147483647;
			files = (
			);
			inputFileListPaths = (
				"${PODS_ROOT}/Target Support Files/Pods-FoodTruck Trackr/Pods-FoodTruck Trackr-frameworks-${CONFIGURATION}-input-files.xcfilelist",
			);
			name = "[CP] Embed Pods Frameworks";
			outputFileListPaths = (
				"${PODS_ROOT}/Target Support Files/Pods-FoodTruck Trackr/Pods-FoodTruck Trackr-frameworks-${CONFIGURATION}-output-files.xcfilelist",
			);
			runOnlyForDeploymentPostprocessing = 0;
			shellPath = /bin/sh;
			shellScript = "\"${PODS_ROOT}/Target Support Files/Pods-FoodTruck Trackr/Pods-FoodTruck Trackr-frameworks.sh\"\n";
			showEnvVarsInLog = 0;
		};
/* End PBXShellScriptBuildPhase section */

/* Begin PBXSourcesBuildPhase section */
		5D680A1023A9E06D004F42EC /* Sources */ = {
			isa = PBXSourcesBuildPhase;
			buildActionMask = 2147483647;
			files = (
				955A7D9723AC645400310EBC /* CoreDataStack.swift in Sources */,
				5D680A1823A9E06D004F42EC /* AppDelegate.swift in Sources */,
				955A7D9523AB389300310EBC /* MenuItemTableViewCell.swift in Sources */,
				5D680A1A23A9E06D004F42EC /* SceneDelegate.swift in Sources */,
				955A7D9323AB37FF00310EBC /* MenuTableViewController.swift in Sources */,
				951AFCFF23AC666E00A06F13 /* FoodTruck.xcdatamodeld in Sources */,
			);
			runOnlyForDeploymentPostprocessing = 0;
		};
		5D88D73F23AB298000116489 /* Sources */ = {
			isa = PBXSourcesBuildPhase;
			buildActionMask = 2147483647;
			files = (
				5D88D74623AB298000116489 /* FoodTruck_TrackrTests.swift in Sources */,
			);
			runOnlyForDeploymentPostprocessing = 0;
		};
		5D88D74D23AB299900116489 /* Sources */ = {
			isa = PBXSourcesBuildPhase;
			buildActionMask = 2147483647;
			files = (
				5D88D75423AB299900116489 /* FoodTruck_TrackrUITests.swift in Sources */,
			);
			runOnlyForDeploymentPostprocessing = 0;
		};
/* End PBXSourcesBuildPhase section */

/* Begin PBXTargetDependency section */
		5D88D74923AB298000116489 /* PBXTargetDependency */ = {
			isa = PBXTargetDependency;
			target = 5D680A1323A9E06D004F42EC /* FoodTruck Trackr */;
			targetProxy = 5D88D74823AB298000116489 /* PBXContainerItemProxy */;
		};
		5D88D75723AB299900116489 /* PBXTargetDependency */ = {
			isa = PBXTargetDependency;
			target = 5D680A1323A9E06D004F42EC /* FoodTruck Trackr */;
			targetProxy = 5D88D75623AB299900116489 /* PBXContainerItemProxy */;
		};
/* End PBXTargetDependency section */

/* Begin PBXVariantGroup section */
		5D680A1D23A9E06D004F42EC /* Main.storyboard */ = {
			isa = PBXVariantGroup;
			children = (
				5D680A1E23A9E06D004F42EC /* Base */,
			);
			name = Main.storyboard;
			sourceTree = "<group>";
		};
		5D680A2223A9E06F004F42EC /* LaunchScreen.storyboard */ = {
			isa = PBXVariantGroup;
			children = (
				5D680A2323A9E06F004F42EC /* Base */,
			);
			name = LaunchScreen.storyboard;
			sourceTree = "<group>";
		};
/* End PBXVariantGroup section */

/* Begin XCBuildConfiguration section */
		5D680A2623A9E06F004F42EC /* Debug */ = {
			isa = XCBuildConfiguration;
			buildSettings = {
				ALWAYS_SEARCH_USER_PATHS = NO;
				CLANG_ANALYZER_NONNULL = YES;
				CLANG_ANALYZER_NUMBER_OBJECT_CONVERSION = YES_AGGRESSIVE;
				CLANG_CXX_LANGUAGE_STANDARD = "gnu++14";
				CLANG_CXX_LIBRARY = "libc++";
				CLANG_ENABLE_MODULES = YES;
				CLANG_ENABLE_OBJC_ARC = YES;
				CLANG_ENABLE_OBJC_WEAK = YES;
				CLANG_WARN_BLOCK_CAPTURE_AUTORELEASING = YES;
				CLANG_WARN_BOOL_CONVERSION = YES;
				CLANG_WARN_COMMA = YES;
				CLANG_WARN_CONSTANT_CONVERSION = YES;
				CLANG_WARN_DEPRECATED_OBJC_IMPLEMENTATIONS = YES;
				CLANG_WARN_DIRECT_OBJC_ISA_USAGE = YES_ERROR;
				CLANG_WARN_DOCUMENTATION_COMMENTS = YES;
				CLANG_WARN_EMPTY_BODY = YES;
				CLANG_WARN_ENUM_CONVERSION = YES;
				CLANG_WARN_INFINITE_RECURSION = YES;
				CLANG_WARN_INT_CONVERSION = YES;
				CLANG_WARN_NON_LITERAL_NULL_CONVERSION = YES;
				CLANG_WARN_OBJC_IMPLICIT_RETAIN_SELF = YES;
				CLANG_WARN_OBJC_LITERAL_CONVERSION = YES;
				CLANG_WARN_OBJC_ROOT_CLASS = YES_ERROR;
				CLANG_WARN_RANGE_LOOP_ANALYSIS = YES;
				CLANG_WARN_STRICT_PROTOTYPES = YES;
				CLANG_WARN_SUSPICIOUS_MOVE = YES;
				CLANG_WARN_UNGUARDED_AVAILABILITY = YES_AGGRESSIVE;
				CLANG_WARN_UNREACHABLE_CODE = YES;
				CLANG_WARN__DUPLICATE_METHOD_MATCH = YES;
				COPY_PHASE_STRIP = NO;
				DEBUG_INFORMATION_FORMAT = dwarf;
				ENABLE_STRICT_OBJC_MSGSEND = YES;
				ENABLE_TESTABILITY = YES;
				GCC_C_LANGUAGE_STANDARD = gnu11;
				GCC_DYNAMIC_NO_PIC = NO;
				GCC_NO_COMMON_BLOCKS = YES;
				GCC_OPTIMIZATION_LEVEL = 0;
				GCC_PREPROCESSOR_DEFINITIONS = (
					"DEBUG=1",
					"$(inherited)",
				);
				GCC_WARN_64_TO_32_BIT_CONVERSION = YES;
				GCC_WARN_ABOUT_RETURN_TYPE = YES_ERROR;
				GCC_WARN_UNDECLARED_SELECTOR = YES;
				GCC_WARN_UNINITIALIZED_AUTOS = YES_AGGRESSIVE;
				GCC_WARN_UNUSED_FUNCTION = YES;
				GCC_WARN_UNUSED_VARIABLE = YES;
				IPHONEOS_DEPLOYMENT_TARGET = 13.2;
				MTL_ENABLE_DEBUG_INFO = INCLUDE_SOURCE;
				MTL_FAST_MATH = YES;
				ONLY_ACTIVE_ARCH = YES;
				SDKROOT = iphoneos;
				SWIFT_ACTIVE_COMPILATION_CONDITIONS = DEBUG;
				SWIFT_OPTIMIZATION_LEVEL = "-Onone";
			};
			name = Debug;
		};
		5D680A2723A9E06F004F42EC /* Release */ = {
			isa = XCBuildConfiguration;
			buildSettings = {
				ALWAYS_SEARCH_USER_PATHS = NO;
				CLANG_ANALYZER_NONNULL = YES;
				CLANG_ANALYZER_NUMBER_OBJECT_CONVERSION = YES_AGGRESSIVE;
				CLANG_CXX_LANGUAGE_STANDARD = "gnu++14";
				CLANG_CXX_LIBRARY = "libc++";
				CLANG_ENABLE_MODULES = YES;
				CLANG_ENABLE_OBJC_ARC = YES;
				CLANG_ENABLE_OBJC_WEAK = YES;
				CLANG_WARN_BLOCK_CAPTURE_AUTORELEASING = YES;
				CLANG_WARN_BOOL_CONVERSION = YES;
				CLANG_WARN_COMMA = YES;
				CLANG_WARN_CONSTANT_CONVERSION = YES;
				CLANG_WARN_DEPRECATED_OBJC_IMPLEMENTATIONS = YES;
				CLANG_WARN_DIRECT_OBJC_ISA_USAGE = YES_ERROR;
				CLANG_WARN_DOCUMENTATION_COMMENTS = YES;
				CLANG_WARN_EMPTY_BODY = YES;
				CLANG_WARN_ENUM_CONVERSION = YES;
				CLANG_WARN_INFINITE_RECURSION = YES;
				CLANG_WARN_INT_CONVERSION = YES;
				CLANG_WARN_NON_LITERAL_NULL_CONVERSION = YES;
				CLANG_WARN_OBJC_IMPLICIT_RETAIN_SELF = YES;
				CLANG_WARN_OBJC_LITERAL_CONVERSION = YES;
				CLANG_WARN_OBJC_ROOT_CLASS = YES_ERROR;
				CLANG_WARN_RANGE_LOOP_ANALYSIS = YES;
				CLANG_WARN_STRICT_PROTOTYPES = YES;
				CLANG_WARN_SUSPICIOUS_MOVE = YES;
				CLANG_WARN_UNGUARDED_AVAILABILITY = YES_AGGRESSIVE;
				CLANG_WARN_UNREACHABLE_CODE = YES;
				CLANG_WARN__DUPLICATE_METHOD_MATCH = YES;
				COPY_PHASE_STRIP = NO;
				DEBUG_INFORMATION_FORMAT = "dwarf-with-dsym";
				ENABLE_NS_ASSERTIONS = NO;
				ENABLE_STRICT_OBJC_MSGSEND = YES;
				GCC_C_LANGUAGE_STANDARD = gnu11;
				GCC_NO_COMMON_BLOCKS = YES;
				GCC_WARN_64_TO_32_BIT_CONVERSION = YES;
				GCC_WARN_ABOUT_RETURN_TYPE = YES_ERROR;
				GCC_WARN_UNDECLARED_SELECTOR = YES;
				GCC_WARN_UNINITIALIZED_AUTOS = YES_AGGRESSIVE;
				GCC_WARN_UNUSED_FUNCTION = YES;
				GCC_WARN_UNUSED_VARIABLE = YES;
				IPHONEOS_DEPLOYMENT_TARGET = 13.2;
				MTL_ENABLE_DEBUG_INFO = NO;
				MTL_FAST_MATH = YES;
				SDKROOT = iphoneos;
				SWIFT_COMPILATION_MODE = wholemodule;
				SWIFT_OPTIMIZATION_LEVEL = "-O";
				VALIDATE_PRODUCT = YES;
			};
			name = Release;
		};
		5D680A2923A9E06F004F42EC /* Debug */ = {
			isa = XCBuildConfiguration;
			baseConfigurationReference = 872B0EAE2072C85B5A9E8D25 /* Pods-FoodTruck Trackr.debug.xcconfig */;
			buildSettings = {
				ASSETCATALOG_COMPILER_APPICON_NAME = AppIcon;
				CODE_SIGN_STYLE = Automatic;
				DEVELOPMENT_TEAM = 3C2X999TFX;
				INFOPLIST_FILE = "FoodTruck Trackr/Info.plist";
				LD_RUNPATH_SEARCH_PATHS = (
					"$(inherited)",
					"@executable_path/Frameworks",
				);
				PRODUCT_BUNDLE_IDENTIFIER = "com.julltron.FoodTruck-Trackr";
				PRODUCT_NAME = "$(TARGET_NAME)";
				SWIFT_VERSION = 5.0;
				TARGETED_DEVICE_FAMILY = "1,2";
			};
			name = Debug;
		};
		5D680A2A23A9E06F004F42EC /* Release */ = {
			isa = XCBuildConfiguration;
			baseConfigurationReference = 0DA9B02BDE212244C1201A06 /* Pods-FoodTruck Trackr.release.xcconfig */;
			buildSettings = {
				ASSETCATALOG_COMPILER_APPICON_NAME = AppIcon;
				CODE_SIGN_STYLE = Automatic;
				DEVELOPMENT_TEAM = 3C2X999TFX;
				INFOPLIST_FILE = "FoodTruck Trackr/Info.plist";
				LD_RUNPATH_SEARCH_PATHS = (
					"$(inherited)",
					"@executable_path/Frameworks",
				);
				PRODUCT_BUNDLE_IDENTIFIER = "com.julltron.FoodTruck-Trackr";
				PRODUCT_NAME = "$(TARGET_NAME)";
				SWIFT_VERSION = 5.0;
				TARGETED_DEVICE_FAMILY = "1,2";
			};
			name = Release;
		};
		5D88D74B23AB298000116489 /* Debug */ = {
			isa = XCBuildConfiguration;
			buildSettings = {
				BUNDLE_LOADER = "$(TEST_HOST)";
				CODE_SIGN_STYLE = Automatic;
				DEVELOPMENT_TEAM = 3C2X999TFX;
				INFOPLIST_FILE = "FoodTruck TrackrTests/Info.plist";
				LD_RUNPATH_SEARCH_PATHS = (
					"$(inherited)",
					"@executable_path/Frameworks",
					"@loader_path/Frameworks",
				);
				PRODUCT_BUNDLE_IDENTIFIER = "com.julltron.FoodTruck-TrackrTests";
				PRODUCT_NAME = "$(TARGET_NAME)";
				SWIFT_VERSION = 5.0;
				TARGETED_DEVICE_FAMILY = "1,2";
				TEST_HOST = "$(BUILT_PRODUCTS_DIR)/FoodTruck Trackr.app/FoodTruck Trackr";
			};
			name = Debug;
		};
		5D88D74C23AB298000116489 /* Release */ = {
			isa = XCBuildConfiguration;
			buildSettings = {
				BUNDLE_LOADER = "$(TEST_HOST)";
				CODE_SIGN_STYLE = Automatic;
				DEVELOPMENT_TEAM = 3C2X999TFX;
				INFOPLIST_FILE = "FoodTruck TrackrTests/Info.plist";
				LD_RUNPATH_SEARCH_PATHS = (
					"$(inherited)",
					"@executable_path/Frameworks",
					"@loader_path/Frameworks",
				);
				PRODUCT_BUNDLE_IDENTIFIER = "com.julltron.FoodTruck-TrackrTests";
				PRODUCT_NAME = "$(TARGET_NAME)";
				SWIFT_VERSION = 5.0;
				TARGETED_DEVICE_FAMILY = "1,2";
				TEST_HOST = "$(BUILT_PRODUCTS_DIR)/FoodTruck Trackr.app/FoodTruck Trackr";
			};
			name = Release;
		};
		5D88D75923AB299900116489 /* Debug */ = {
			isa = XCBuildConfiguration;
			buildSettings = {
				CODE_SIGN_STYLE = Automatic;
				DEVELOPMENT_TEAM = 3C2X999TFX;
				INFOPLIST_FILE = "FoodTruck TrackrUITests/Info.plist";
				LD_RUNPATH_SEARCH_PATHS = (
					"$(inherited)",
					"@executable_path/Frameworks",
					"@loader_path/Frameworks",
				);
				PRODUCT_BUNDLE_IDENTIFIER = "com.julltron.FoodTruck-TrackrUITests";
				PRODUCT_NAME = "$(TARGET_NAME)";
				SWIFT_VERSION = 5.0;
				TARGETED_DEVICE_FAMILY = "1,2";
				TEST_TARGET_NAME = "FoodTruck Trackr";
			};
			name = Debug;
		};
		5D88D75A23AB299900116489 /* Release */ = {
			isa = XCBuildConfiguration;
			buildSettings = {
				CODE_SIGN_STYLE = Automatic;
				DEVELOPMENT_TEAM = 3C2X999TFX;
				INFOPLIST_FILE = "FoodTruck TrackrUITests/Info.plist";
				LD_RUNPATH_SEARCH_PATHS = (
					"$(inherited)",
					"@executable_path/Frameworks",
					"@loader_path/Frameworks",
				);
				PRODUCT_BUNDLE_IDENTIFIER = "com.julltron.FoodTruck-TrackrUITests";
				PRODUCT_NAME = "$(TARGET_NAME)";
				SWIFT_VERSION = 5.0;
				TARGETED_DEVICE_FAMILY = "1,2";
				TEST_TARGET_NAME = "FoodTruck Trackr";
			};
			name = Release;
		};
/* End XCBuildConfiguration section */

/* Begin XCConfigurationList section */
		5D680A0F23A9E06D004F42EC /* Build configuration list for PBXProject "FoodTruck Trackr" */ = {
			isa = XCConfigurationList;
			buildConfigurations = (
				5D680A2623A9E06F004F42EC /* Debug */,
				5D680A2723A9E06F004F42EC /* Release */,
			);
			defaultConfigurationIsVisible = 0;
			defaultConfigurationName = Release;
		};
		5D680A2823A9E06F004F42EC /* Build configuration list for PBXNativeTarget "FoodTruck Trackr" */ = {
			isa = XCConfigurationList;
			buildConfigurations = (
				5D680A2923A9E06F004F42EC /* Debug */,
				5D680A2A23A9E06F004F42EC /* Release */,
			);
			defaultConfigurationIsVisible = 0;
			defaultConfigurationName = Release;
		};
		5D88D74A23AB298000116489 /* Build configuration list for PBXNativeTarget "FoodTruck TrackrTests" */ = {
			isa = XCConfigurationList;
			buildConfigurations = (
				5D88D74B23AB298000116489 /* Debug */,
				5D88D74C23AB298000116489 /* Release */,
			);
			defaultConfigurationIsVisible = 0;
			defaultConfigurationName = Release;
		};
		5D88D75823AB299900116489 /* Build configuration list for PBXNativeTarget "FoodTruck TrackrUITests" */ = {
			isa = XCConfigurationList;
			buildConfigurations = (
				5D88D75923AB299900116489 /* Debug */,
				5D88D75A23AB299900116489 /* Release */,
			);
			defaultConfigurationIsVisible = 0;
			defaultConfigurationName = Release;
		};
/* End XCConfigurationList section */

/* Begin XCVersionGroup section */
		951AFCFD23AC666E00A06F13 /* FoodTruck.xcdatamodeld */ = {
			isa = XCVersionGroup;
			children = (
				951AFCFE23AC666E00A06F13 /* FoodTruck.xcdatamodel */,
			);
			currentVersion = 951AFCFE23AC666E00A06F13 /* FoodTruck.xcdatamodel */;
			path = FoodTruck.xcdatamodeld;
			sourceTree = "<group>";
			versionGroupType = wrapper.xcdatamodel;
		};
/* End XCVersionGroup section */
	};
	rootObject = 5D680A0C23A9E06D004F42EC /* Project object */;
}
